// !$*UTF8*$!
{
	archiveVersion = 1;
	classes = {
	};
	objectVersion = 56;
	objects = {

/* Begin PBXBuildFile section */
		0001 /* TimesyncApp.swift in Sources */ = {isa = PBXBuildFile; fileRef = 7104B77237BC4E4487335029 /* TimesyncApp.swift */; };
		0002 /* AppConstants.swift in Sources */ = {isa = PBXBuildFile; fileRef = C2D80F068A504C3C9B2337C7 /* AppConstants.swift */; };
		0003 /* DateFormatterCache.swift in Sources */ = {isa = PBXBuildFile; fileRef = A824C57A879240B588D23660 /* DateFormatterCache.swift */; };
		0004 /* ClockService.swift in Sources */ = {isa = PBXBuildFile; fileRef = D32E3F4A5B6C7D8E9F0A1B2C /* ClockService.swift */; };
		0005 /* DateParser.swift in Sources */ = {isa = PBXBuildFile; fileRef = F52E3F4A5B6C7D8E9F0A1B2D /* DateParser.swift */; };
		0006 /* AppPreferences.swift in Sources */ = {isa = PBXBuildFile; fileRef = 1A1B1C1D2A3B4C5D6E7F8A9C /* AppPreferences.swift */; };
		0007 /* ConversionResult.swift in Sources */ = {isa = PBXBuildFile; fileRef = 2B2C2D2E3A4B5C6D7E8F9A0C /* ConversionResult.swift */; };
		0008 /* StatusBarClock.swift in Sources */ = {isa = PBXBuildFile; fileRef = 3C3D3E3F4A5B6C7D8E9F0A1D /* StatusBarClock.swift */; };
		0009 /* TimezoneEntry.swift in Sources */ = {isa = PBXBuildFile; fileRef = 4D4E4F504B5C6D7E8F0A1B2E /* TimezoneEntry.swift */; };
		0010 /* TimezoneSelection.swift in Sources */ = {isa = PBXBuildFile; fileRef = 5E5F605146545E6F805B1C3F /* TimezoneSelection.swift */; };
		0011 /* StatusBarView.swift in Sources */ = {isa = PBXBuildFile; fileRef = 6F606162475D6E7F906C2D50 /* StatusBarView.swift */; };
		0012 /* PreferencesView.swift in Sources */ = {isa = PBXBuildFile; fileRef = 7A717374485E6F80907D3E51 /* PreferencesView.swift */; };
		0013 /* WindowContentView.swift in Sources */ = {isa = PBXBuildFile; fileRef = 8B8C8D8E495F70819181F462 /* WindowContentView.swift */; };
		0014 /* ConverterView.swift in Sources */ = {isa = PBXBuildFile; fileRef = 9C9D9E9F4A60718291925063 /* ConverterView.swift */; };
		0015 /* TimezonesView.swift in Sources */ = {isa = PBXBuildFile; fileRef = ADA00F0050617283A2A36174 /* TimezonesView.swift */; };
		0016 /* TimezonesRow.swift in Sources */ = {isa = PBXBuildFile; fileRef = BEBF0F1161627384B3B47285 /* TimezonesRow.swift */; };
		0017 /* TimezoneSelectionPickerView.swift in Sources */ = {isa = PBXBuildFile; fileRef = CFCF0F1272627384B3B47286 /* TimezoneSelectionPickerView.swift */; };
		0018 /* PrimaryButton.swift in Sources */ = {isa = PBXBuildFile; fileRef = E0E00F137273748354C58297 /* PrimaryButton.swift */; };
		0019 /* FontHelper.swift in Sources */ = {isa = PBXBuildFile; fileRef = 0202100159494A6A576E7E19 /* FontHelper.swift */; };
/* End PBXBuildFile section */

/* Begin PBXFileReference section */
		0202100159494A6A576E7E19 /* FontHelper.swift */ = {isa = PBXFileReference; lastKnownFileType = sourcecode.swift; path = FontHelper.swift; sourceTree = "<group>"; };
		1A1B1C1D2A3B4C5D6E7F8A9C /* AppPreferences.swift */ = {isa = PBXFileReference; lastKnownFileType = sourcecode.swift; path = AppPreferences.swift; sourceTree = "<group>"; };
		2B2C2D2E3A4B5C6D7E8F9A0C /* ConversionResult.swift */ = {isa = PBXFileReference; lastKnownFileType = sourcecode.swift; path = ConversionResult.swift; sourceTree = "<group>"; };
		3C3D3E3F4A5B6C7D8E9F0A1D /* StatusBarClock.swift */ = {isa = PBXFileReference; lastKnownFileType = sourcecode.swift; path = StatusBarClock.swift; sourceTree = "<group>"; };
		4D4E4F504B5C6D7E8F0A1B2E /* TimezoneEntry.swift */ = {isa = PBXFileReference; lastKnownFileType = sourcecode.swift; path = TimezoneEntry.swift; sourceTree = "<group>"; };
		5E5F605146545E6F805B1C3F /* TimezoneSelection.swift */ = {isa = PBXFileReference; lastKnownFileType = sourcecode.swift; path = TimezoneSelection.swift; sourceTree = "<group>"; };
		6F606162475D6E7F906C2D50 /* StatusBarView.swift */ = {isa = PBXFileReference; lastKnownFileType = sourcecode.swift; path = StatusBarView.swift; sourceTree = "<group>"; };
		7104B77237BC4E4487335029 /* TimesyncApp.swift */ = {isa = PBXFileReference; lastKnownFileType = sourcecode.swift; path = TimesyncApp.swift; sourceTree = "<group>"; };
		7A717374485E6F80907D3E51 /* PreferencesView.swift */ = {isa = PBXFileReference; lastKnownFileType = sourcecode.swift; path = PreferencesView.swift; sourceTree = "<group>"; };
		8B8C8D8E495F70819181F462 /* WindowContentView.swift */ = {isa = PBXFileReference; lastKnownFileType = sourcecode.swift; path = WindowContentView.swift; sourceTree = "<group>"; };
		9C9D9E9F4A60718291925063 /* ConverterView.swift */ = {isa = PBXFileReference; lastKnownFileType = sourcecode.swift; path = ConverterView.swift; sourceTree = "<group>"; };
		A824C57A879240B588D23660 /* DateFormatterCache.swift */ = {isa = PBXFileReference; lastKnownFileType = sourcecode.swift; path = DateFormatterCache.swift; sourceTree = "<group>"; };
		ADA00F0050617283A2A36174 /* TimezonesView.swift */ = {isa = PBXFileReference; lastKnownFileType = sourcecode.swift; path = TimezonesView.swift; sourceTree = "<group>"; };
		BEBF0F1161627384B3B47285 /* TimezonesRow.swift */ = {isa = PBXFileReference; lastKnownFileType = sourcecode.swift; path = TimezonesRow.swift; sourceTree = "<group>"; };
		C1C6DCEA0993410B8A26F411 /* Timesync.app */ = {isa = PBXFileReference; explicitFileType = wrapper.application; includeInIndex = 0; path = Timesync.app; sourceTree = BUILT_PRODUCTS_DIR; };
		C2D80F068A504C3C9B2337C7 /* AppConstants.swift */ = {isa = PBXFileReference; lastKnownFileType = sourcecode.swift; path = AppConstants.swift; sourceTree = "<group>"; };
		CFCF0F1272627384B3B47286 /* TimezoneSelectionPickerView.swift */ = {isa = PBXFileReference; lastKnownFileType = sourcecode.swift; path = TimezoneSelectionPickerView.swift; sourceTree = "<group>"; };
		D32E3F4A5B6C7D8E9F0A1B2C /* ClockService.swift */ = {isa = PBXFileReference; lastKnownFileType = sourcecode.swift; path = ClockService.swift; sourceTree = "<group>"; };
		E0E00F137273748354C58297 /* PrimaryButton.swift */ = {isa = PBXFileReference; lastKnownFileType = sourcecode.swift; path = PrimaryButton.swift; sourceTree = "<group>"; };
		F52E3F4A5B6C7D8E9F0A1B2D /* DateParser.swift */ = {isa = PBXFileReference; lastKnownFileType = sourcecode.swift; path = DateParser.swift; sourceTree = "<group>"; };
/* End PBXFileReference section */

/* Begin PBXFrameworksBuildPhase section */
		582AFA8656714254A322CDBD /* Frameworks */ = {
			isa = PBXFrameworksBuildPhase;
			buildActionMask = 2147483647;
			files = (
			);
			runOnlyForDeploymentPostprocessing = 0;
		};
/* End PBXFrameworksBuildPhase section */

/* Begin PBXGroup section */
		1F2G3H4I5J6K7L8M9N0O1P2Q /* Models */ = {
			isa = PBXGroup;
			children = (
				1A1B1C1D2A3B4C5D6E7F8A9C /* AppPreferences.swift */,
				2B2C2D2E3A4B5C6D7E8F9A0C /* ConversionResult.swift */,
				3C3D3E3F4A5B6C7D8E9F0A1D /* StatusBarClock.swift */,
				4D4E4F504B5C6D7E8F0A1B2E /* TimezoneEntry.swift */,
				5E5F605146545E6F805B1C3F /* TimezoneSelection.swift */,
			);
			path = Models;
			sourceTree = "<group>";
		};
		29BDDC2CA91D4E4192AEB054 /* Timesync */ = {
			isa = PBXGroup;
			children = (
				7104B77237BC4E4487335029 /* TimesyncApp.swift */,
				4C5D6E7F8A9B0C1D2E3F4051 /* Constants */,
				2A3B4C5D6E7F8A9B0C1D2E3F /* Services */,
				1F2G3H4I5J6K7L8M9N0O1P2Q /* Models */,
				3B4C5D6E7F8A9B0C1D2E3F40 /* Views */,
				5C6D7E8F9A0B1C2D3E4F5060 /* Components */,
				7E8F9A0B1C2D3E4F50617282 /* Utils */,
			);
			path = Timesync;
			sourceTree = "<group>";
		};
		2A3B4C5D6E7F8A9B0C1D2E3F /* Services */ = {
			isa = PBXGroup;
			children = (
				A824C57A879240B588D23660 /* DateFormatterCache.swift */,
				D32E3F4A5B6C7D8E9F0A1B2C /* ClockService.swift */,
				F52E3F4A5B6C7D8E9F0A1B2D /* DateParser.swift */,
			);
			path = Services;
			sourceTree = "<group>";
		};
		3B4C5D6E7F8A9B0C1D2E3F40 /* Views */ = {
			isa = PBXGroup;
			children = (
				6F606162475D6E7F906C2D50 /* StatusBarView.swift */,
				7A717374485E6F80907D3E51 /* PreferencesView.swift */,
				8B8C8D8E495F70819181F462 /* WindowContentView.swift */,
				9C9D9E9F4A60718291925063 /* ConverterView.swift */,
				ADA00F0050617283A2A36174 /* TimezonesView.swift */,
				BEBF0F1161627384B3B47285 /* TimezonesRow.swift */,
				CFCF0F1272627384B3B47286 /* TimezoneSelectionPickerView.swift */,
			);
			path = Views;
			sourceTree = "<group>";
		};
		4BCF2450845A4827A6C376DE /* Products */ = {
			isa = PBXGroup;
			children = (
				C1C6DCEA0993410B8A26F411 /* Timesync.app */,
			);
			name = Products;
			sourceTree = "<group>";
		};
		4C5D6E7F8A9B0C1D2E3F4051 /* Constants */ = {
			isa = PBXGroup;
			children = (
				C2D80F068A504C3C9B2337C7 /* AppConstants.swift */,
			);
			path = Constants;
			sourceTree = "<group>";
		};
		5C6D7E8F9A0B1C2D3E4F5060 /* Components */ = {
			isa = PBXGroup;
			children = (
				E0E00F137273748354C58297 /* PrimaryButton.swift */,
			);
			path = Components;
			sourceTree = "<group>";
		};
		7E8F9A0B1C2D3E4F50617282 /* Utils */ = {
			isa = PBXGroup;
			children = (
				0202100159494A6A576E7E19 /* FontHelper.swift */,
			);
			path = Utils;
			sourceTree = "<group>";
		};
		9FEC135314DD4D6A82EE6170 = {
			isa = PBXGroup;
			children = (
				29BDDC2CA91D4E4192AEB054 /* Timesync */,
				4BCF2450845A4827A6C376DE /* Products */,
			);
			sourceTree = "<group>";
		};
/* End PBXGroup section */

/* Begin PBXNativeTarget section */
		E3207AF47DC749878559B790 /* Timesync */ = {
			isa = PBXNativeTarget;
			buildConfigurationList = 410A2183E8574828ACADA3DC /* Build configuration list for PBXNativeTarget "Timesync" */;
			buildPhases = (
				5D9BEF9681E64C4894897FD4 /* Sources */,
				582AFA8656714254A322CDBD /* Frameworks */,
				4FD80F2A9EF144A7904507E1 /* Resources */,
			);
			buildRules = (
			);
			dependencies = (
			);
			name = Timesync;
			productName = Timesync;
			productReference = C1C6DCEA0993410B8A26F411 /* Timesync.app */;
			productType = "com.apple.product-type.application";
		};
/* End PBXNativeTarget section */

/* Begin PBXProject section */
		817F177ED5424F9CA33E2F96 /* Project object */ = {
			isa = PBXProject;
			attributes = {
				BuildIndependentTargetsInParallel = 1;
				LastSwiftUpdateCheck = 1500;
				LastUpgradeCheck = 2620;
			};
			buildConfigurationList = D589A789DB304800AC1E0965 /* Build configuration list for PBXProject "Timesync" */;
			compatibilityVersion = "Xcode 14.0";
			developmentRegion = en;
			hasScannedForEncodings = 0;
			knownRegions = (
				en,
				Base,
			);
			mainGroup = 9FEC135314DD4D6A82EE6170;
			productRefGroup = 4BCF2450845A4827A6C376DE /* Products */;
			projectDirPath = "";
			projectRoot = "";
			targets = (
				E3207AF47DC749878559B790 /* Timesync */,
			);
		};
/* End PBXProject section */

/* Begin PBXResourcesBuildPhase section */
		4FD80F2A9EF144A7904507E1 /* Resources */ = {
			isa = PBXResourcesBuildPhase;
			buildActionMask = 2147483647;
			files = (
			);
			runOnlyForDeploymentPostprocessing = 0;
		};
/* End PBXResourcesBuildPhase section */

/* Begin PBXSourcesBuildPhase section */
		5D9BEF9681E64C4894897FD4 /* Sources */ = {
			isa = PBXSourcesBuildPhase;
			buildActionMask = 2147483647;
			files = (
				0001 /* TimesyncApp.swift in Sources */,
				0002 /* AppConstants.swift in Sources */,
				0003 /* DateFormatterCache.swift in Sources */,
				0004 /* ClockService.swift in Sources */,
				0005 /* DateParser.swift in Sources */,
				0006 /* AppPreferences.swift in Sources */,
				0007 /* ConversionResult.swift in Sources */,
				0008 /* StatusBarClock.swift in Sources */,
				0009 /* TimezoneEntry.swift in Sources */,
				0010 /* TimezoneSelection.swift in Sources */,
				0011 /* StatusBarView.swift in Sources */,
				0012 /* PreferencesView.swift in Sources */,
				0013 /* WindowContentView.swift in Sources */,
				0014 /* ConverterView.swift in Sources */,
				0015 /* TimezonesView.swift in Sources */,
				0016 /* TimezonesRow.swift in Sources */,
				0017 /* TimezoneSelectionPickerView.swift in Sources */,
				0018 /* PrimaryButton.swift in Sources */,
				0019 /* FontHelper.swift in Sources */,
			);
			runOnlyForDeploymentPostprocessing = 0;
		};
/* End PBXSourcesBuildPhase section */

/* Begin XCBuildConfiguration section */
		4D55529C2F4643658BA3020E /* Debug */ = {
			isa = XCBuildConfiguration;
			buildSettings = {
				ASSETCATALOG_COMPILER_APPICON_NAME = AppIcon;
				ASSETCATALOG_COMPILER_GLOBAL_ACCENT_COLOR_NAME = "";
				ASSETCATALOG_COMPILER_INCLUDE_ALL_APPICON_ASSETS = NO;
				AUTOMATION_APPLE_EVENTS = NO;
				CODE_SIGN_ENTITLEMENTS = "";
				"CODE_SIGN_IDENTITY[sdk=macosx*]" = "-";
				CODE_SIGN_STYLE = Automatic;
				CURRENT_PROJECT_VERSION = 1;
				DEAD_CODE_STRIPPING = YES;
				DEVELOPMENT_ASSET_PATHS = "";
				ENABLE_HARDENED_RUNTIME = YES;
				ENABLE_PREVIEWS = YES;
				ENABLE_RESOURCE_ACCESS_AUDIO_INPUT = NO;
				ENABLE_RESOURCE_ACCESS_CALENDARS = NO;
				ENABLE_RESOURCE_ACCESS_CAMERA = NO;
				ENABLE_RESOURCE_ACCESS_CONTACTS = NO;
				ENABLE_RESOURCE_ACCESS_LOCATION = NO;
				ENABLE_RESOURCE_ACCESS_PHOTO_LIBRARY = NO;
				GENERATE_INFOPLIST_FILE = NO;
				INFOPLIST_FILE = Timesync/Info.plist;
				INFOPLIST_KEY_CFBundleDisplayName = Timesync;
				INFOPLIST_KEY_NSHumanReadableCopyright = "";
				INFOPLIST_KEY_NSMainStoryboardFile = "";
				INFOPLIST_KEY_NSPrincipalClass = NSApplication;
				LD_RUNPATH_SEARCH_PATHS = (
					"$(inherited)",
					"@executable_path/../Frameworks",
				);
				MACOSX_DEPLOYMENT_TARGET = 14.6;
				MARKETING_VERSION = 1.0;
				PRODUCT_BUNDLE_IDENTIFIER = com.dolmios.timesync;
				PRODUCT_NAME = "$(TARGET_NAME)";
				RUNTIME_EXCEPTION_ALLOW_DYLD_ENVIRONMENT_VARIABLES = NO;
				RUNTIME_EXCEPTION_ALLOW_JIT = NO;
				RUNTIME_EXCEPTION_ALLOW_UNSIGNED_EXECUTABLE_MEMORY = NO;
				RUNTIME_EXCEPTION_DEBUGGING_TOOL = NO;
				RUNTIME_EXCEPTION_DISABLE_EXECUTABLE_PAGE_PROTECTION = NO;
				RUNTIME_EXCEPTION_DISABLE_LIBRARY_VALIDATION = NO;
				SWIFT_EMIT_LOC_STRINGS = YES;
				SWIFT_VERSION = 5.0;
			};
			name = Debug;
		};
		5E0930EA78994133B59E953A /* Release */ = {
			isa = XCBuildConfiguration;
			buildSettings = {
				ASSETCATALOG_COMPILER_APPICON_NAME = AppIcon;
				ASSETCATALOG_COMPILER_GLOBAL_ACCENT_COLOR_NAME = "";
				ASSETCATALOG_COMPILER_INCLUDE_ALL_APPICON_ASSETS = NO;
				CODE_SIGN_ENTITLEMENTS = "";
				CODE_SIGN_STYLE = Automatic;
				CURRENT_PROJECT_VERSION = 1;
				DEAD_CODE_STRIPPING = YES;
				DEVELOPMENT_ASSET_PATHS = "";
				ENABLE_PREVIEWS = YES;
				GENERATE_INFOPLIST_FILE = NO;
				INFOPLIST_FILE = Timesync/Info.plist;
				INFOPLIST_KEY_CFBundleDisplayName = Timesync;
				INFOPLIST_KEY_NSHumanReadableCopyright = "";
				INFOPLIST_KEY_NSMainStoryboardFile = "";
				INFOPLIST_KEY_NSPrincipalClass = NSApplication;
				LD_RUNPATH_SEARCH_PATHS = (
					"$(inherited)",
					"@executable_path/../Frameworks",
				);
				MACOSX_DEPLOYMENT_TARGET = 14.6;
				MARKETING_VERSION = 1.0;
				PRODUCT_BUNDLE_IDENTIFIER = com.dolmios.timesync;
				PRODUCT_NAME = "$(TARGET_NAME)";
				SWIFT_EMIT_LOC_STRINGS = YES;
				SWIFT_VERSION = 5.0;
			};
			name = Release;
		};
		7CD0082706FD4E5CAB6F71B3 /* Debug */ = {
			isa = XCBuildConfiguration;
			buildSettings = {
				ALWAYS_SEARCH_USER_PATHS = NO;
				ASSETCATALOG_COMPILER = YES;
				ASSETCATALOG_COMPILER_GENERATE_SWIFT_ASSET_SYMBOL_EXTENSIONS = YES;
				CLANG_ANALYZER_NONNULL = YES;
				CLANG_ANALYZER_NUMBER_OBJECT_CONVERSION = YES_AGGRESSIVE;
				CLANG_CXX_LANGUAGE_STANDARD = "gnu++20";
				CLANG_ENABLE_MODULES = YES;
				CLANG_ENABLE_OBJC_ARC = YES;
				CLANG_ENABLE_OBJC_WEAK = YES;
				CLANG_WARN_BLOCK_CAPTURE_AUTORELEASING = YES;
				CLANG_WARN_BOOL_CONVERSION = YES;
				CLANG_WARN_COMMA = YES;
				CLANG_WARN_CONSTANT_CONVERSION = YES;
				CLANG_WARN_DEPRECATED_OBJC_IMPLEMENTATIONS = YES;
				CLANG_WARN_DIRECT_OBJC_ISA_USAGE = YES_ERROR;
				CLANG_WARN_DOCUMENTATION_COMMENTS = YES;
				CLANG_WARN_EMPTY_BODY = YES;
				CLANG_WARN_ENUM_CONVERSION = YES;
				CLANG_WARN_INFINITE_RECURSION = YES;
				CLANG_WARN_INT_CONVERSION = YES;
				CLANG_WARN_NON_LITERAL_NULL_CONVERSION = YES;
				CLANG_WARN_OBJC_IMPLICIT_RETAIN_SELF = YES;
				CLANG_WARN_OBJC_LITERAL_CONVERSION = YES;
				CLANG_WARN_OBJC_ROOT_CLASS = YES_ERROR;
				CLANG_WARN_QUOTED_INCLUDE_IN_FRAMEWORK_HEADER = YES;
				CLANG_WARN_RANGE_LOOP_ANALYSIS = YES;
				CLANG_WARN_STRICT_PROTOTYPES = YES;
				CLANG_WARN_SUSPICIOUS_MOVE = YES;
				CLANG_WARN_UNGUARDED_AVAILABILITY = YES_AGGRESSIVE;
				CLANG_WARN_UNREACHABLE_CODE = YES;
				CLANG_WARN__DUPLICATE_METHOD_MATCH = YES;
				COPY_PHASE_STRIP = NO;
				DEAD_CODE_STRIPPING = YES;
				DEBUG_INFORMATION_FORMAT = dwarf;
				ENABLE_STRICT_OBJC_MSGSEND = YES;
				ENABLE_TESTABILITY = YES;
				ENABLE_USER_SCRIPT_SANDBOXING = YES;
				GCC_C_LANGUAGE_STANDARD = gnu17;
				GCC_DYNAMIC_NO_PIC = NO;
				GCC_NO_COMMON_BLOCKS = YES;
				GCC_OPTIMIZATION_LEVEL = 0;
				GCC_PREPROCESSOR_DEFINITIONS = (
					"DEBUG=1",
					"$(inherited)",
				);
				GCC_WARN_64_TO_32_BIT_CONVERSION = YES;
				GCC_WARN_ABOUT_RETURN_TYPE = YES_ERROR;
				GCC_WARN_UNDECLARED_SELECTOR = YES;
				GCC_WARN_UNINITIALIZED_AUTOS = YES_AGGRESSIVE;
				GCC_WARN_UNUSED_FUNCTION = YES;
				GCC_WARN_UNUSED_VARIABLE = YES;
				LOCALIZATION_PREFERS_STRING_CATALOGS = YES;
				MACOSX_DEPLOYMENT_TARGET = 14.0;
				MTL_ENABLE_DEBUG_INFO = INCLUDE_SOURCE;
				MTL_FAST_MATH = YES;
				ONLY_ACTIVE_ARCH = YES;
				SDKROOT = macosx;
				STRING_CATALOG_GENERATE_SYMBOLS = YES;
				SWIFT_ACTIVE_COMPILATION_CONDITIONS = "DEBUG $(inherited)";
				SWIFT_OPTIMIZATION_LEVEL = "-Onone";
			};
			name = Debug;
		};
		E270632006D74E82A6A897F4 /* Release */ = {
			isa = XCBuildConfiguration;
			buildSettings = {
				ALWAYS_SEARCH_USER_PATHS = NO;
				ASSETCATALOG_COMPILER = YES;
				ASSETCATALOG_COMPILER_GENERATE_SWIFT_ASSET_SYMBOL_EXTENSIONS = YES;
				AUTOMATION_APPLE_EVENTS = NO;
				CLANG_ANALYZER_NONNULL = YES;
				CLANG_ANALYZER_NUMBER_OBJECT_CONVERSION = YES_AGGRESSIVE;
				CLANG_CXX_LANGUAGE_STANDARD = "gnu++20";
				CLANG_ENABLE_MODULES = YES;
				CLANG_ENABLE_OBJC_ARC = YES;
				CLANG_ENABLE_OBJC_WEAK = YES;
				CLANG_WARN_BLOCK_CAPTURE_AUTORELEASING = YES;
				CLANG_WARN_BOOL_CONVERSION = YES;
				CLANG_WARN_COMMA = YES;
				CLANG_WARN_CONSTANT_CONVERSION = YES;
				CLANG_WARN_DEPRECATED_OBJC_IMPLEMENTATIONS = YES;
				CLANG_WARN_DIRECT_OBJC_ISA_USAGE = YES_ERROR;
				CLANG_WARN_DOCUMENTATION_COMMENTS = YES;
				CLANG_WARN_EMPTY_BODY = YES;
				CLANG_WARN_ENUM_CONVERSION = YES;
				CLANG_WARN_INFINITE_RECURSION = YES;
				CLANG_WARN_INT_CONVERSION = YES;
				CLANG_WARN_NON_LITERAL_NULL_CONVERSION = YES;
				CLANG_WARN_OBJC_IMPLICIT_RETAIN_SELF = YES;
				CLANG_WARN_OBJC_LITERAL_CONVERSION = YES;
				CLANG_WARN_OBJC_ROOT_CLASS = YES_ERROR;
				CLANG_WARN_QUOTED_INCLUDE_IN_FRAMEWORK_HEADER = YES;
				CLANG_WARN_RANGE_LOOP_ANALYSIS = YES;
				CLANG_WARN_STRICT_PROTOTYPES = YES;
				CLANG_WARN_SUSPICIOUS_MOVE = YES;
				CLANG_WARN_UNGUARDED_AVAILABILITY = YES_AGGRESSIVE;
				CLANG_WARN_UNREACHABLE_CODE = YES;
				CLANG_WARN__DUPLICATE_METHOD_MATCH = YES;
				"CODE_SIGN_IDENTITY[sdk=macosx*]" = "-";
				COPY_PHASE_STRIP = NO;
				DEAD_CODE_STRIPPING = YES;
				DEBUG_INFORMATION_FORMAT = "dwarf-with-dsym";
				ENABLE_HARDENED_RUNTIME = YES;
				ENABLE_NS_ASSERTIONS = NO;
				ENABLE_RESOURCE_ACCESS_AUDIO_INPUT = NO;
				ENABLE_RESOURCE_ACCESS_CALENDARS = NO;
				ENABLE_RESOURCE_ACCESS_CAMERA = NO;
				ENABLE_RESOURCE_ACCESS_CONTACTS = NO;
				ENABLE_RESOURCE_ACCESS_LOCATION = NO;
				ENABLE_RESOURCE_ACCESS_PHOTO_LIBRARY = NO;
				ENABLE_STRICT_OBJC_MSGSEND = YES;
				ENABLE_USER_SCRIPT_SANDBOXING = YES;
				GCC_C_LANGUAGE_STANDARD = gnu17;
				GCC_NO_COMMON_BLOCKS = YES;
				GCC_WARN_64_TO_32_BIT_CONVERSION = YES;
				GCC_WARN_ABOUT_RETURN_TYPE = YES_ERROR;
				GCC_WARN_UNDECLARED_SELECTOR = YES;
				GCC_WARN_UNINITIALIZED_AUTOS = YES_AGGRESSIVE;
				GCC_WARN_UNUSED_FUNCTION = YES;
				GCC_WARN_UNUSED_VARIABLE = YES;
				LOCALIZATION_PREFERS_STRING_CATALOGS = YES;
				MACOSX_DEPLOYMENT_TARGET = 14.0;
				MTL_ENABLE_DEBUG_INFO = NO;
				MTL_FAST_MATH = YES;
				RUNTIME_EXCEPTION_ALLOW_DYLD_ENVIRONMENT_VARIABLES = NO;
				RUNTIME_EXCEPTION_ALLOW_JIT = NO;
				RUNTIME_EXCEPTION_ALLOW_UNSIGNED_EXECUTABLE_MEMORY = NO;
				RUNTIME_EXCEPTION_DEBUGGING_TOOL = NO;
				RUNTIME_EXCEPTION_DISABLE_EXECUTABLE_PAGE_PROTECTION = NO;
				RUNTIME_EXCEPTION_DISABLE_LIBRARY_VALIDATION = NO;
				SDKROOT = macosx;
				STRING_CATALOG_GENERATE_SYMBOLS = YES;
				SWIFT_COMPILATION_MODE = wholemodule;
			};
			name = Release;
		};
/* End XCBuildConfiguration section */

/* Begin XCConfigurationList section */
		410A2183E8574828ACADA3DC /* Build configuration list for PBXNativeTarget "Timesync" */ = {
			isa = XCConfigurationList;
			buildConfigurations = (
				4D55529C2F4643658BA3020E /* Debug */,
				E270632006D74E82A6A897F4 /* Release */,
			);
			defaultConfigurationIsVisible = 0;
			defaultConfigurationName = Release;
		};
		D589A789DB304800AC1E0965 /* Build configuration list for PBXProject "Timesync" */ = {
			isa = XCConfigurationList;
			buildConfigurations = (
				7CD0082706FD4E5CAB6F71B3 /* Debug */,
				5E0930EA78994133B59E953A /* Release */,
			);
			defaultConfigurationIsVisible = 0;
			defaultConfigurationName = Release;
		};
/* End XCConfigurationList section */
	};
	rootObject = 817F177ED5424F9CA33E2F96 /* Project object */;
}
